// !$*UTF8*$!
{
	archiveVersion = 1;
	classes = {
	};
	objectVersion = 46;
	objects = {

/* Begin PBXBuildFile section */
		647106631D82FF8500975FCA /* AppDelegate.swift in Sources */ = {isa = PBXBuildFile; fileRef = 647106621D82FF8500975FCA /* AppDelegate.swift */; };
		647106651D82FF8500975FCA /* ViewController.swift in Sources */ = {isa = PBXBuildFile; fileRef = 647106641D82FF8500975FCA /* ViewController.swift */; };
		647106681D82FF8500975FCA /* Main.storyboard in Resources */ = {isa = PBXBuildFile; fileRef = 647106661D82FF8500975FCA /* Main.storyboard */; };
		6471066A1D82FF8500975FCA /* Assets.xcassets in Resources */ = {isa = PBXBuildFile; fileRef = 647106691D82FF8500975FCA /* Assets.xcassets */; };
		6471066D1D82FF8500975FCA /* LaunchScreen.storyboard in Resources */ = {isa = PBXBuildFile; fileRef = 6471066B1D82FF8500975FCA /* LaunchScreen.storyboard */; };
/* End PBXBuildFile section */

/* Begin PBXFileReference section */
		6471065F1D82FF8500975FCA /* MFCUTest.app */ = {isa = PBXFileReference; explicitFileType = wrapper.application; includeInIndex = 0; path = MFCUTest.app; sourceTree = BUILT_PRODUCTS_DIR; };
		647106621D82FF8500975FCA /* AppDelegate.swift */ = {isa = PBXFileReference; lastKnownFileType = sourcecode.swift; path = AppDelegate.swift; sourceTree = "<group>"; };
		647106641D82FF8500975FCA /* ViewController.swift */ = {isa = PBXFileReference; lastKnownFileType = sourcecode.swift; path = ViewController.swift; sourceTree = "<group>"; };
		647106671D82FF8500975FCA /* Base */ = {isa = PBXFileReference; lastKnownFileType = file.storyboard; name = Base; path = Base.lproj/Main.storyboard; sourceTree = "<group>"; };
		647106691D82FF8500975FCA /* Assets.xcassets */ = {isa = PBXFileReference; lastKnownFileType = folder.assetcatalog; path = Assets.xcassets; sourceTree = "<group>"; };
		6471066C1D82FF8500975FCA /* Base */ = {isa = PBXFileReference; lastKnownFileType = file.storyboard; name = Base; path = Base.lproj/LaunchScreen.storyboard; sourceTree = "<group>"; };
		6471066E1D82FF8500975FCA /* Info.plist */ = {isa = PBXFileReference; lastKnownFileType = text.plist.xml; path = Info.plist; sourceTree = "<group>"; };
/* End PBXFileReference section */

/* Begin PBXFrameworksBuildPhase section */
		6471065C1D82FF8500975FCA /* Frameworks */ = {
			isa = PBXFrameworksBuildPhase;
			buildActionMask = 2147483647;
			files = (
			);
			runOnlyForDeploymentPostprocessing = 0;
		};
/* End PBXFrameworksBuildPhase section */

/* Begin PBXGroup section */
		647106561D82FF8500975FCA = {
			isa = PBXGroup;
			children = (
				647106611D82FF8500975FCA /* MFCUTest */,
				647106601D82FF8500975FCA /* Products */,
			);
			sourceTree = "<group>";
		};
		647106601D82FF8500975FCA /* Products */ = {
			isa = PBXGroup;
			children = (
				6471065F1D82FF8500975FCA /* MFCUTest.app */,
			);
			name = Products;
			sourceTree = "<group>";
		};
		647106611D82FF8500975FCA /* MFCUTest */ = {
			isa = PBXGroup;
			children = (
				647106621D82FF8500975FCA /* AppDelegate.swift */,
				647106641D82FF8500975FCA /* ViewController.swift */,
				647106661D82FF8500975FCA /* Main.storyboard */,
				647106691D82FF8500975FCA /* Assets.xcassets */,
				6471066B1D82FF8500975FCA /* LaunchScreen.storyboard */,
				6471066E1D82FF8500975FCA /* Info.plist */,
			);
			path = MFCUTest;
			sourceTree = "<group>";
		};
/* End PBXGroup section */

/* Begin PBXNativeTarget section */
		6471065E1D82FF8500975FCA /* MFCUTest */ = {
			isa = PBXNativeTarget;
			buildConfigurationList = 647106711D82FF8500975FCA /* Build configuration list for PBXNativeTarget "MFCUTest" */;
			buildPhases = (
				6471065B1D82FF8500975FCA /* Sources */,
				6471065C1D82FF8500975FCA /* Frameworks */,
				6471065D1D82FF8500975FCA /* Resources */,
			);
			buildRules = (
			);
			dependencies = (
			);
			name = MFCUTest;
			productName = MFCUTest;
			productReference = 6471065F1D82FF8500975FCA /* MFCUTest.app */;
			productType = "com.apple.product-type.application";
		};
/* End PBXNativeTarget section */

/* Begin PBXProject section */
		647106571D82FF8500975FCA /* Project object */ = {
			isa = PBXProject;
			attributes = {
				LastSwiftUpdateCheck = 0730;
				LastUpgradeCheck = 0730;
				ORGANIZATIONNAME = Cotter;
				TargetAttributes = {
					6471065E1D82FF8500975FCA = {
						CreatedOnToolsVersion = 7.3.1;
					};
				};
			};
			buildConfigurationList = 6471065A1D82FF8500975FCA /* Build configuration list for PBXProject "MFCUTest" */;
			compatibilityVersion = "Xcode 3.2";
			developmentRegion = English;
			hasScannedForEncodings = 0;
			knownRegions = (
				en,
				Base,
			);
			mainGroup = 647106561D82FF8500975FCA;
			productRefGroup = 647106601D82FF8500975FCA /* Products */;
			projectDirPath = "";
			projectRoot = "";
			targets = (
				6471065E1D82FF8500975FCA /* MFCUTest */,
			);
		};
/* End PBXProject section */

/* Begin PBXResourcesBuildPhase section */
		6471065D1D82FF8500975FCA /* Resources */ = {
			isa = PBXResourcesBuildPhase;
			buildActionMask = 2147483647;
			files = (
				6471066D1D82FF8500975FCA /* LaunchScreen.storyboard in Resources */,
				6471066A1D82FF8500975FCA /* Assets.xcassets in Resources */,
				647106681D82FF8500975FCA /* Main.storyboard in Resources */,
			);
			runOnlyForDeploymentPostprocessing = 0;
		};
/* End PBXResourcesBuildPhase section */

/* Begin PBXSourcesBuildPhase section */
		6471065B1D82FF8500975FCA /* Sources */ = {
			isa = PBXSourcesBuildPhase;
			buildActionMask = 2147483647;
			files = (
				647106651D82FF8500975FCA /* ViewController.swift in Sources */,
				647106631D82FF8500975FCA /* AppDelegate.swift in Sources */,
			);
			runOnlyForDeploymentPostprocessing = 0;
		};
/* End PBXSourcesBuildPhase section */

/* Begin PBXVariantGroup section */
		647106661D82FF8500975FCA /* Main.storyboard */ = {
			isa = PBXVariantGroup;
			children = (
				647106671D82FF8500975FCA /* Base */,
			);
			name = Main.storyboard;
			sourceTree = "<group>";
		};
		6471066B1D82FF8500975FCA /* LaunchScreen.storyboard */ = {
			isa = PBXVariantGroup;
			children = (
				6471066C1D82FF8500975FCA /* Base */,
			);
			name = LaunchScreen.storyboard;
			sourceTree = "<group>";
		};
/* End PBXVariantGroup section */

/* Begin XCBuildConfiguration section */
		6471066F1D82FF8500975FCA /* Debug */ = {
			isa = XCBuildConfiguration;
			buildSettings = {
				ALWAYS_SEARCH_USER_PATHS = NO;
				CLANG_ANALYZER_NONNULL = YES;
				CLANG_CXX_LANGUAGE_STANDARD = "gnu++0x";
				CLANG_CXX_LIBRARY = "libc++";
				CLANG_ENABLE_MODULES = YES;
				CLANG_ENABLE_OBJC_ARC = YES;
				CLANG_WARN_BOOL_CONVERSION = YES;
				CLANG_WARN_CONSTANT_CONVERSION = YES;
				CLANG_WARN_DIRECT_OBJC_ISA_USAGE = YES_ERROR;
				CLANG_WARN_EMPTY_BODY = YES;
				CLANG_WARN_ENUM_CONVERSION = YES;
				CLANG_WARN_INT_CONVERSION = YES;
				CLANG_WARN_OBJC_ROOT_CLASS = YES_ERROR;
				CLANG_WARN_UNREACHABLE_CODE = YES;
				CLANG_WARN__DUPLICATE_METHOD_MATCH = YES;
				"CODE_SIGN_IDENTITY[sdk=iphoneos*]" = "iPhone Developer";
				COPY_PHASE_STRIP = NO;
				DEBUG_INFORMATION_FORMAT = dwarf;
				ENABLE_STRICT_OBJC_MSGSEND = YES;
				ENABLE_TESTABILITY = YES;
				GCC_C_LANGUAGE_STANDARD = gnu99;
				GCC_DYNAMIC_NO_PIC = NO;
				GCC_NO_COMMON_BLOCKS = YES;
				GCC_OPTIMIZATION_LEVEL = 0;
				GCC_PREPROCESSOR_DEFINITIONS = (
					"DEBUG=1",
					"$(inherited)",
				);
				GCC_WARN_64_TO_32_BIT_CONVERSION = YES;
				GCC_WARN_ABOUT_RETURN_TYPE = YES_ERROR;
				GCC_WARN_UNDECLARED_SELECTOR = YES;
				GCC_WARN_UNINITIALIZED_AUTOS = YES_AGGRESSIVE;
				GCC_WARN_UNUSED_FUNCTION = YES;
				GCC_WARN_UNUSED_VARIABLE = YES;
				IPHONEOS_DEPLOYMENT_TARGET = 9.3;
				MTL_ENABLE_DEBUG_INFO = YES;
				ONLY_ACTIVE_ARCH = YES;
				SDKROOT = iphoneos;
				SWIFT_OPTIMIZATION_LEVEL = "-Onone";
				TARGETED_DEVICE_FAMILY = "1,2";
			};
			name = Debug;
		};
		647106701D82FF8500975FCA /* Release */ = {
			isa = XCBuildConfiguration;
			buildSettings = {
				ALWAYS_SEARCH_USER_PATHS = NO;
				CLANG_ANALYZER_NONNULL = YES;
				CLANG_CXX_LANGUAGE_STANDARD = "gnu++0x";
				CLANG_CXX_LIBRARY = "libc++";
				CLANG_ENABLE_MODULES = YES;
				CLANG_ENABLE_OBJC_ARC = YES;
				CLANG_WARN_BOOL_CONVERSION = YES;
				CLANG_WARN_CONSTANT_CONVERSION = YES;
				CLANG_WARN_DIRECT_OBJC_ISA_USAGE = YES_ERROR;
				CLANG_WARN_EMPTY_BODY = YES;
				CLANG_WARN_ENUM_CONVERSION = YES;
				CLANG_WARN_INT_CONVERSION = YES;
				CLANG_WARN_OBJC_ROOT_CLASS = YES_ERROR;
				CLANG_WARN_UNREACHABLE_CODE = YES;
				CLANG_WARN__DUPLICATE_METHOD_MATCH = YES;
				"CODE_SIGN_IDENTITY[sdk=iphoneos*]" = "iPhone Developer";
				COPY_PHASE_STRIP = NO;
				DEBUG_INFORMATION_FORMAT = "dwarf-with-dsym";
				ENABLE_NS_ASSERTIONS = NO;
				ENABLE_STRICT_OBJC_MSGSEND = YES;
				GCC_C_LANGUAGE_STANDARD = gnu99;
				GCC_NO_COMMON_BLOCKS = YES;
				GCC_WARN_64_TO_32_BIT_CONVERSION = YES;
				GCC_WARN_ABOUT_RETURN_TYPE = YES_ERROR;
				GCC_WARN_UNDECLARED_SELECTOR = YES;
				GCC_WARN_UNINITIALIZED_AUTOS = YES_AGGRESSIVE;
				GCC_WARN_UNUSED_FUNCTION = YES;
				GCC_WARN_UNUSED_VARIABLE = YES;
				IPHONEOS_DEPLOYMENT_TARGET = 9.3;
				MTL_ENABLE_DEBUG_INFO = NO;
				SDKROOT = iphoneos;
				TARGETED_DEVICE_FAMILY = "1,2";
				VALIDATE_PRODUCT = YES;
			};
			name = Release;
		};
		647106721D82FF8500975FCA /* Debug */ = {
			isa = XCBuildConfiguration;
			buildSettings = {
				ASSETCATALOG_COMPILER_APPICON_NAME = AppIcon;
				INFOPLIST_FILE = MFCUTest/Info.plist;
				LD_RUNPATH_SEARCH_PATHS = "$(inherited) @executable_path/Frameworks";
				PRODUCT_BUNDLE_IDENTIFIER = donovancotter.MFCUTest;
				PRODUCT_NAME = "$(TARGET_NAME)";
			};
			name = Debug;
		};
		647106731D82FF8500975FCA /* Release */ = {
			isa = XCBuildConfiguration;
			buildSettings = {
				ASSETCATALOG_COMPILER_APPICON_NAME = AppIcon;
				INFOPLIST_FILE = MFCUTest/Info.plist;
				LD_RUNPATH_SEARCH_PATHS = "$(inherited) @executable_path/Frameworks";
				PRODUCT_BUNDLE_IDENTIFIER = donovancotter.MFCUTest;
				PRODUCT_NAME = "$(TARGET_NAME)";
			};
			name = Release;
		};
/* End XCBuildConfiguration section */

/* Begin XCConfigurationList section */
		6471065A1D82FF8500975FCA /* Build configuration list for PBXProject "MFCUTest" */ = {
			isa = XCConfigurationList;
			buildConfigurations = (
				6471066F1D82FF8500975FCA /* Debug */,
				647106701D82FF8500975FCA /* Release */,
			);
			defaultConfigurationIsVisible = 0;
			defaultConfigurationName = Release;
		};
		647106711D82FF8500975FCA /* Build configuration list for PBXNativeTarget "MFCUTest" */ = {
			isa = XCConfigurationList;
			buildConfigurations = (
				647106721D82FF8500975FCA /* Debug */,
				647106731D82FF8500975FCA /* Release */,
			);
			defaultConfigurationIsVisible = 0;
		};
/* End XCConfigurationList section */
	};
	rootObject = 647106571D82FF8500975FCA /* Project object */;
}
